
Microsoft Visual Studio Solution File, Format Version 12.00
# Visual Studio Version 16
VisualStudioVersion = 16.0.30621.155
MinimumVisualStudioVersion = 10.0.40219.1
Project("{8BC9CEB8-8B4A-11D0-8D11-00A0C91BC942}") = "1", "1\1.vcxproj", "{D8A9BADD-013D-4BDB-A935-85FDB51CC090}"
EndProject
Project("{8BC9CEB8-8B4A-11D0-8D11-00A0C91BC942}") = "a", "a\a.vcxproj", "{99ED8EAB-BC90-4F00-A3EE-128D83779642}"
EndProject
Project("{8BC9CEB8-8B4A-11D0-8D11-00A0C91BC942}") = "b", "b\b.vcxproj", "{089DA531-0F92-4228-9890-476AE6923753}"
EndProject
Global
	GlobalSection(SolutionConfigurationPlatforms) = preSolution
		Debug|x64 = Debug|x64
		Debug|x86 = Debug|x86
		Release|x64 = Release|x64
		Release|x86 = Release|x86
	EndGlobalSection
	GlobalSection(ProjectConfigurationPlatforms) = postSolution
		{D8A9BADD-013D-4BDB-A935-85FDB51CC090}.Debug|x64.ActiveCfg = Debug|x64
		{D8A9BADD-013D-4BDB-A935-85FDB51CC090}.Debug|x64.Build.0 = Debug|x64
		{D8A9BADD-013D-4BDB-A935-85FDB51CC090}.Debug|x86.ActiveCfg = Debug|Win32
		{D8A9BADD-013D-4BDB-A935-85FDB51CC090}.Debug|x86.Build.0 = Debug|Win32
		{D8A9BADD-013D-4BDB-A935-85FDB51CC090}.Release|x64.ActiveCfg = Release|x64
		{D8A9BADD-013D-4BDB-A935-85FDB51CC090}.Release|x64.Build.0 = Release|x64
		{D8A9BADD-013D-4BDB-A935-85FDB51CC090}.Release|x86.ActiveCfg = Release|Win32
		{D8A9BADD-013D-4BDB-A935-85FDB51CC090}.Release|x86.Build.0 = Release|Win32
		{99ED8EAB-BC90-4F00-A3EE-128D83779642}.Debug|x64.ActiveCfg = Debug|x64
		{99ED8EAB-BC90-4F00-A3EE-128D83779642}.Debug|x64.Build.0 = Debug|x64
		{99ED8EAB-BC90-4F00-A3EE-128D83779642}.Debug|x86.ActiveCfg = Debug|Win32
		{99ED8EAB-BC90-4F00-A3EE-128D83779642}.Debug|x86.Build.0 = Debug|Win32
		{99ED8EAB-BC90-4F00-A3EE-128D83779642}.Release|x64.ActiveCfg = Release|x64
		{99ED8EAB-BC90-4F00-A3EE-128D83779642}.Release|x64.Build.0 = Release|x64
		{99ED8EAB-BC90-4F00-A3EE-128D83779642}.Release|x86.ActiveCfg = Release|Win32
		{99ED8EAB-BC90-4F00-A3EE-128D83779642}.Release|x86.Build.0 = Release|Win32
		{089DA531-0F92-4228-9890-476AE6923753}.Debug|x64.ActiveCfg = Debug|x64
		{089DA531-0F92-4228-9890-476AE6923753}.Debug|x64.Build.0 = Debug|x64
		{089DA531-0F92-4228-9890-476AE6923753}.Debug|x86.ActiveCfg = Debug|Win32
		{089DA531-0F92-4228-9890-476AE6923753}.Debug|x86.Build.0 = Debug|Win32
		{089DA531-0F92-4228-9890-476AE6923753}.Release|x64.ActiveCfg = Release|x64
		{089DA531-0F92-4228-9890-476AE6923753}.Release|x64.Build.0 = Release|x64
		{089DA531-0F92-4228-9890-476AE6923753}.Release|x86.ActiveCfg = Release|Win32
		{089DA531-0F92-4228-9890-476AE6923753}.Release|x86.Build.0 = Release|Win32
	EndGlobalSection
	GlobalSection(SolutionProperties) = preSolution
		HideSolutionNode = FALSE
	EndGlobalSection
	GlobalSection(ExtensibilityGlobals) = postSolution
		SolutionGuid = {1A44206D-D96E-4F60-8999-1CD1A8E0C5D5}
	EndGlobalSection
EndGlobal
